
Microsoft Visual Studio Solution File, Format Version 12.00
# Visual Studio Version 17
VisualStudioVersion = 17.0.31825.309
MinimumVisualStudioVersion = 10.0.40219.1
Project("{9A19103F-16F7-4668-BE54-9A1E7A4F7556}") = "Dataverse.Sql", "Dataverse.Sql\Dataverse.Sql.csproj", "{9FBDCC3A-47AD-46D3-98A1-C63BCE7E8771}"
EndProject
Project("{9A19103F-16F7-4668-BE54-9A1E7A4F7556}") = "Dataverse.Sql.Tests", "Dataverse.Sql.Tests\Dataverse.Sql.Tests.csproj", "{E2AD7082-419F-4424-BBC0-A5BFBF720AF4}"
EndProject
Global
	GlobalSection(SolutionConfigurationPlatforms) = preSolution
		Debug|Any CPU = Debug|Any CPU
		Debug|x86 = Debug|x86
		Release|Any CPU = Release|Any CPU
		Release|x86 = Release|x86
	EndGlobalSection
	GlobalSection(ProjectConfigurationPlatforms) = postSolution
		{9FBDCC3A-47AD-46D3-98A1-C63BCE7E8771}.Debug|Any CPU.ActiveCfg = Debug|Any CPU
		{9FBDCC3A-47AD-46D3-98A1-C63BCE7E8771}.Debug|Any CPU.Build.0 = Debug|Any CPU
		{9FBDCC3A-47AD-46D3-98A1-C63BCE7E8771}.Debug|x86.ActiveCfg = Debug|Any CPU
		{9FBDCC3A-47AD-46D3-98A1-C63BCE7E8771}.Debug|x86.Build.0 = Debug|Any CPU
		{9FBDCC3A-47AD-46D3-98A1-C63BCE7E8771}.Release|Any CPU.ActiveCfg = Release|Any CPU
		{9FBDCC3A-47AD-46D3-98A1-C63BCE7E8771}.Release|Any CPU.Build.0 = Release|Any CPU
		{9FBDCC3A-47AD-46D3-98A1-C63BCE7E8771}.Release|x86.ActiveCfg = Release|Any CPU
		{9FBDCC3A-47AD-46D3-98A1-C63BCE7E8771}.Release|x86.Build.0 = Release|Any CPU
		{E2AD7082-419F-4424-BBC0-A5BFBF720AF4}.Debug|Any CPU.ActiveCfg = Debug|Any CPU
		{E2AD7082-419F-4424-BBC0-A5BFBF720AF4}.Debug|Any CPU.Build.0 = Debug|Any CPU
		{E2AD7082-419F-4424-BBC0-A5BFBF720AF4}.Debug|x86.ActiveCfg = Debug|Any CPU
		{E2AD7082-419F-4424-BBC0-A5BFBF720AF4}.Debug|x86.Build.0 = Debug|Any CPU
		{E2AD7082-419F-4424-BBC0-A5BFBF720AF4}.Release|Any CPU.ActiveCfg = Release|Any CPU
		{E2AD7082-419F-4424-BBC0-A5BFBF720AF4}.Release|Any CPU.Build.0 = Release|Any CPU
		{E2AD7082-419F-4424-BBC0-A5BFBF720AF4}.Release|x86.ActiveCfg = Release|Any CPU
		{E2AD7082-419F-4424-BBC0-A5BFBF720AF4}.Release|x86.Build.0 = Release|Any CPU
	EndGlobalSection
	GlobalSection(SolutionProperties) = preSolution
		HideSolutionNode = FALSE
	EndGlobalSection
	GlobalSection(ExtensibilityGlobals) = postSolution
		SolutionGuid = {5E960561-7FE2-4022-964B-57E990767108}
	EndGlobalSection
EndGlobal
